
Microsoft Visual Studio Solution File, Format Version 12.00
# Visual Studio Version 16
VisualStudioVersion = 16.0.31321.278
MinimumVisualStudioVersion = 10.0.40219.1
Project("{FAE04EC0-301F-11D3-BF4B-00C04F79EFBC}") = "concept_of_binary_search", "concept_of_binary_search.csproj", "{0825966F-AD2D-4C51-878F-78F2D8C9BCA6}"
EndProject
Global
	GlobalSection(SolutionConfigurationPlatforms) = preSolution
		Debug|Any CPU = Debug|Any CPU
		Release|Any CPU = Release|Any CPU
	EndGlobalSection
	GlobalSection(ProjectConfigurationPlatforms) = postSolution
		{0825966F-AD2D-4C51-878F-78F2D8C9BCA6}.Debug|Any CPU.ActiveCfg = Debug|Any CPU
		{0825966F-AD2D-4C51-878F-78F2D8C9BCA6}.Debug|Any CPU.Build.0 = Debug|Any CPU
		{0825966F-AD2D-4C51-878F-78F2D8C9BCA6}.Release|Any CPU.ActiveCfg = Release|Any CPU
		{0825966F-AD2D-4C51-878F-78F2D8C9BCA6}.Release|Any CPU.Build.0 = Release|Any CPU
	EndGlobalSection
	GlobalSection(SolutionProperties) = preSolution
		HideSolutionNode = FALSE
	EndGlobalSection
	GlobalSection(ExtensibilityGlobals) = postSolution
		SolutionGuid = {DF5B76F1-4B50-455C-9E01-E6E508BFA8B0}
	EndGlobalSection
EndGlobal
